<?xml version="1.0" encoding="utf-8"?>
<Project ToolsVersion="4.0" xmlns="http://schemas.microsoft.com/developer/msbuild/2003">
  <ItemGroup>
    <Filter Include="소스 파일">
      <UniqueIdentifier>{4FC737F1-C7A5-4376-A066-2A32D752A2FF}</UniqueIdentifier>
      <Extensions>cpp;c;cc;cxx;def;odl;idl;hpj;bat;asm;asmx</Extensions>
    </Filter>
    <Filter Include="헤더 파일">
      <UniqueIdentifier>{93995380-89BD-4b04-88EB-625FBE52EBFB}</UniqueIdentifier>
      <Extensions>h;hh;hpp;hxx;hm;inl;inc;ipp;xsd</Extensions>
    </Filter>
    <Filter Include="리소스 파일">
      <UniqueIdentifier>{67DA6AB6-F800-4c08-8B7A-83BB121AAD01}</UniqueIdentifier>
      <Extensions>rc;ico;cur;bmp;dlg;rc2;rct;bin;rgs;gif;jpg;jpeg;jpe;resx;tiff;tif;png;wav;mfcribbon-ms</Extensions>
    </Filter>
    <Filter Include="2DGameFramework">
      <UniqueIdentifier>{acc8cb01-70a4-4cc6-9d88-d32134c13a9f}</UniqueIdentifier>
    </Filter>
    <Filter Include="playGround">
      <UniqueIdentifier>{81ef0d09-364b-467c-92b5-68b9438212f6}</UniqueIdentifier>
    </Filter>
    <Filter Include="2DGameFramework\SingletonBase">
      <UniqueIdentifier>{8f2c2318-9b69-434a-838a-8649fb3d732d}</UniqueIdentifier>
    </Filter>
    <Filter Include="2DGameFramework\Manager">
      <UniqueIdentifier>{16fac473-44a9-4f96-870f-27a66bc8d31e}</UniqueIdentifier>
    </Filter>
    <Filter Include="2DGameFramework\image">
      <UniqueIdentifier>{7fcd4216-76a8-48f1-a13f-4afb68ded7c5}</UniqueIdentifier>
    </Filter>
    <Filter Include="2DGameFramework\Util">
      <UniqueIdentifier>{7d7b862c-abb8-408f-a500-97d6ced2a4fd}</UniqueIdentifier>
    </Filter>
    <Filter Include="2DGameFramework\txtData">
      <UniqueIdentifier>{511868d2-4d81-4fc3-bf82-6322d9df63e4}</UniqueIdentifier>
    </Filter>
    <Filter Include="2DGameFramework\timer">
      <UniqueIdentifier>{6110c452-b2ac-48e8-ac0c-90e7d5151e36}</UniqueIdentifier>
    </Filter>
    <Filter Include="2DGameFramework\animation">
      <UniqueIdentifier>{a76d591a-6507-4a2b-aeab-11c470a3f2dd}</UniqueIdentifier>
    </Filter>
    <Filter Include="2DGameFramework\effect">
      <UniqueIdentifier>{0dbf570f-42b2-481b-8632-983fa151eedb}</UniqueIdentifier>
    </Filter>
    <Filter Include="2DGameFramework\action">
      <UniqueIdentifier>{a505733a-b5f1-416e-941e-fb290e7b22a8}</UniqueIdentifier>
    </Filter>
    <Filter Include="playGround\MapTool">
      <UniqueIdentifier>{d46892c0-4049-4a58-8cfd-cc186c81c1d6}</UniqueIdentifier>
    </Filter>
    <Filter Include="playGround\Scene">
      <UniqueIdentifier>{966279cd-a118-4b34-970d-b0adae5cb5b8}</UniqueIdentifier>
    </Filter>
    <Filter Include="playGround\Lobby">
      <UniqueIdentifier>{3d599663-100c-4332-ae38-3311d3cccbf0}</UniqueIdentifier>
    </Filter>
    <Filter Include="playGround\Item">
      <UniqueIdentifier>{3026493a-7308-4581-a997-cd70b48469c4}</UniqueIdentifier>
    </Filter>
    <Filter Include="playGround\Enemy">
      <UniqueIdentifier>{ad96cc60-a967-48d4-8db5-fd2b9818c422}</UniqueIdentifier>
    </Filter>
    <Filter Include="playGround\World">
      <UniqueIdentifier>{2a6674c3-dc31-42f9-9568-a5450f68306a}</UniqueIdentifier>
    </Filter>
    <Filter Include="playGround\Player">
      <UniqueIdentifier>{8086d9a1-45fc-4523-b89d-d217b16f5c99}</UniqueIdentifier>
    </Filter>
    <Filter Include="playGround\Inventory">
      <UniqueIdentifier>{c8eecc65-3e45-4a77-a9f2-d7812df4a25e}</UniqueIdentifier>
    </Filter>
    <Filter Include="playGround\Crafting">
      <UniqueIdentifier>{95e03f42-2a93-4686-903b-5eefd1442493}</UniqueIdentifier>
    </Filter>
    <Filter Include="playGround\UI">
      <UniqueIdentifier>{93b7ef4d-4d92-4a34-bea1-597780b5e7c2}</UniqueIdentifier>
    </Filter>
    <Filter Include="playGround\Map">
      <UniqueIdentifier>{2bfbca78-37a1-4f2a-b07b-81a06bf906a0}</UniqueIdentifier>
    </Filter>
    <Filter Include="playGround\Tile">
      <UniqueIdentifier>{6924ccc6-e552-483f-9c05-f3e2ded2149c}</UniqueIdentifier>
    </Filter>
    <Filter Include="playGround\Action">
      <UniqueIdentifier>{c8a43668-17b7-4835-b775-aeaf93a9a73d}</UniqueIdentifier>
    </Filter>
  </ItemGroup>
  <ItemGroup>
    <ClInclude Include="stdafx.h">
      <Filter>헤더 파일</Filter>
    </ClInclude>
    <ClInclude Include="targetver.h">
      <Filter>헤더 파일</Filter>
    </ClInclude>
    <ClInclude Include="Resource.h">
      <Filter>헤더 파일</Filter>
    </ClInclude>
    <ClInclude Include="windowAPI.h">
      <Filter>헤더 파일</Filter>
    </ClInclude>
    <ClInclude Include="commonMacroFunction.h">
      <Filter>헤더 파일</Filter>
    </ClInclude>
    <ClInclude Include="gameNode.h">
      <Filter>2DGameFramework</Filter>
    </ClInclude>
    <ClInclude Include="playGround.h">
      <Filter>playGround</Filter>
    </ClInclude>
    <ClInclude Include="singletonBase.h">
      <Filter>2DGameFramework\SingletonBase</Filter>
    </ClInclude>
    <ClInclude Include="randomFunction.h">
      <Filter>헤더 파일</Filter>
    </ClInclude>
    <ClInclude Include="keyManager.h">
      <Filter>2DGameFramework\Manager</Filter>
    </ClInclude>
    <ClInclude Include="image.h">
      <Filter>2DGameFramework\image</Filter>
    </ClInclude>
    <ClInclude Include="utils.h">
      <Filter>2DGameFramework\Util</Filter>
    </ClInclude>
    <ClInclude Include="imageManager.h">
      <Filter>2DGameFramework\Manager</Filter>
    </ClInclude>
    <ClInclude Include="txtData.h">
      <Filter>2DGameFramework\txtData</Filter>
    </ClInclude>
    <ClInclude Include="timer.h">
      <Filter>2DGameFramework\timer</Filter>
    </ClInclude>
    <ClInclude Include="timeManager.h">
      <Filter>2DGameFramework\Manager</Filter>
    </ClInclude>
    <ClInclude Include="animation.h">
      <Filter>2DGameFramework\animation</Filter>
    </ClInclude>
    <ClInclude Include="effect.h">
      <Filter>2DGameFramework\effect</Filter>
    </ClInclude>
    <ClInclude Include="effectManager.h">
      <Filter>2DGameFramework\Manager</Filter>
    </ClInclude>
    <ClInclude Include="soundManager.h">
      <Filter>2DGameFramework\Manager</Filter>
    </ClInclude>
    <ClInclude Include="sceneManager.h">
      <Filter>2DGameFramework\Manager</Filter>
    </ClInclude>
    <ClInclude Include="action.h">
      <Filter>2DGameFramework\action</Filter>
    </ClInclude>
    <ClInclude Include="keyAniManager.h">
      <Filter>2DGameFramework\Manager</Filter>
    </ClInclude>
    <ClInclude Include="MapTool.h">
      <Filter>playGround\MapTool</Filter>
    </ClInclude>
    <ClInclude Include="Scene.h">
      <Filter>playGround\Scene</Filter>
    </ClInclude>
    <ClInclude Include="Lobby.h">
      <Filter>playGround\Lobby</Filter>
    </ClInclude>
    <ClInclude Include="cameraManager.h">
      <Filter>2DGameFramework\Manager</Filter>
    </ClInclude>
    <ClInclude Include="Item.h">
      <Filter>playGround\Item</Filter>
    </ClInclude>
    <ClInclude Include="Enemy.h">
      <Filter>playGround\Enemy</Filter>
    </ClInclude>
    <ClInclude Include="World.h">
      <Filter>playGround\World</Filter>
    </ClInclude>
    <ClInclude Include="Player.h">
      <Filter>playGround\Player</Filter>
    </ClInclude>
    <ClInclude Include="Demon.h">
      <Filter>playGround\Enemy</Filter>
    </ClInclude>
    <ClInclude Include="DemonEye.h">
      <Filter>playGround\Enemy</Filter>
    </ClInclude>
    <ClInclude Include="Slime.h">
      <Filter>playGround\Enemy</Filter>
    </ClInclude>
    <ClInclude Include="Zombie.h">
      <Filter>playGround\Enemy</Filter>
    </ClInclude>
    <ClInclude Include="EyeOfCthulhu.h">
      <Filter>playGround\Enemy</Filter>
    </ClInclude>
    <ClInclude Include="EnemyManager.h">
      <Filter>playGround\Enemy</Filter>
    </ClInclude>
    <ClInclude Include="Crafting.h">
      <Filter>playGround\Crafting</Filter>
    </ClInclude>
    <ClInclude Include="Inventory.h">
      <Filter>playGround\Inventory</Filter>
    </ClInclude>
    <ClInclude Include="UI.h">
      <Filter>playGround\UI</Filter>
    </ClInclude>
    <ClInclude Include="Map.h">
      <Filter>playGround\Map</Filter>
    </ClInclude>
    <ClInclude Include="Tile.h">
      <Filter>playGround\Tile</Filter>
    </ClInclude>
    <ClInclude Include="Move.h">
      <Filter>playGround\Action</Filter>
    </ClInclude>
    <ClInclude Include="Jump.h">
      <Filter>playGround\Action</Filter>
    </ClInclude>
    <ClInclude Include="Attack.h">
      <Filter>playGround\Action</Filter>
    </ClInclude>
  </ItemGroup>
  <ItemGroup>
    <ClCompile Include="stdafx.cpp">
      <Filter>소스 파일</Filter>
    </ClCompile>
    <ClCompile Include="windowAPI.cpp">
      <Filter>소스 파일</Filter>
    </ClCompile>
    <ClCompile Include="gameNode.cpp">
      <Filter>2DGameFramework</Filter>
    </ClCompile>
    <ClCompile Include="playGround.cpp">
      <Filter>playGround</Filter>
    </ClCompile>
    <ClCompile Include="keyManager.cpp">
      <Filter>2DGameFramework\Manager</Filter>
    </ClCompile>
    <ClCompile Include="image.cpp">
      <Filter>2DGameFramework\image</Filter>
    </ClCompile>
    <ClCompile Include="utils.cpp">
      <Filter>2DGameFramework\Util</Filter>
    </ClCompile>
    <ClCompile Include="imageManager.cpp">
      <Filter>2DGameFramework\Manager</Filter>
    </ClCompile>
    <ClCompile Include="txtData.cpp">
      <Filter>2DGameFramework\txtData</Filter>
    </ClCompile>
    <ClCompile Include="timer.cpp">
      <Filter>2DGameFramework\timer</Filter>
    </ClCompile>
    <ClCompile Include="timeManager.cpp">
      <Filter>2DGameFramework\Manager</Filter>
    </ClCompile>
    <ClCompile Include="animation.cpp">
      <Filter>2DGameFramework\animation</Filter>
    </ClCompile>
    <ClCompile Include="effect.cpp">
      <Filter>2DGameFramework\effect</Filter>
    </ClCompile>
    <ClCompile Include="effectManager.cpp">
      <Filter>2DGameFramework\Manager</Filter>
    </ClCompile>
    <ClCompile Include="soundManager.cpp">
      <Filter>2DGameFramework\Manager</Filter>
    </ClCompile>
    <ClCompile Include="sceneManager.cpp">
      <Filter>2DGameFramework\Manager</Filter>
    </ClCompile>
    <ClCompile Include="action.cpp">
      <Filter>2DGameFramework\action</Filter>
    </ClCompile>
    <ClCompile Include="keyAniManager.cpp">
      <Filter>2DGameFramework\Manager</Filter>
    </ClCompile>
    <ClCompile Include="MapTool.cpp">
      <Filter>playGround\MapTool</Filter>
    </ClCompile>
    <ClCompile Include="Scene.cpp">
      <Filter>playGround\Scene</Filter>
    </ClCompile>
    <ClCompile Include="Lobby.cpp">
      <Filter>playGround\Lobby</Filter>
    </ClCompile>
    <ClCompile Include="cameraManager.cpp">
      <Filter>2DGameFramework\Manager</Filter>
    </ClCompile>
    <ClCompile Include="Item.cpp">
      <Filter>playGround\Item</Filter>
    </ClCompile>
    <ClCompile Include="Enemy.cpp">
      <Filter>playGround\Enemy</Filter>
    </ClCompile>
    <ClCompile Include="World.cpp">
      <Filter>playGround\World</Filter>
    </ClCompile>
    <ClCompile Include="Player.cpp">
      <Filter>playGround\Player</Filter>
    </ClCompile>
    <ClCompile Include="Slime.cpp">
      <Filter>playGround\Enemy</Filter>
    </ClCompile>
    <ClCompile Include="DemonEye.cpp">
      <Filter>playGround\Enemy</Filter>
    </ClCompile>
    <ClCompile Include="Demon.cpp">
      <Filter>playGround\Enemy</Filter>
    </ClCompile>
    <ClCompile Include="Zombie.cpp">
      <Filter>playGround\Enemy</Filter>
    </ClCompile>
    <ClCompile Include="EyeOfCthulhu.cpp">
      <Filter>playGround\Enemy</Filter>
    </ClCompile>
    <ClCompile Include="EnemyManager.cpp">
      <Filter>playGround\Enemy</Filter>
    </ClCompile>
    <ClCompile Include="Inventory.cpp">
      <Filter>playGround\Inventory</Filter>
    </ClCompile>
    <ClCompile Include="Crafting.cpp">
      <Filter>playGround\Crafting</Filter>
    </ClCompile>
    <ClCompile Include="UI.cpp">
      <Filter>playGround\UI</Filter>
    </ClCompile>
    <ClCompile Include="Map.cpp">
      <Filter>playGround\Map</Filter>
    </ClCompile>
    <ClCompile Include="Move.cpp">
      <Filter>playGround\Action</Filter>
    </ClCompile>
    <ClCompile Include="Jump.cpp">
      <Filter>playGround\Action</Filter>
    </ClCompile>
    <ClCompile Include="Attack.cpp">
      <Filter>playGround\Action</Filter>
    </ClCompile>
  </ItemGroup>
  <ItemGroup>
    <ResourceCompile Include="windowAPI.rc">
      <Filter>리소스 파일</Filter>
    </ResourceCompile>
  </ItemGroup>
  <ItemGroup>
    <Image Include="small.ico">
      <Filter>리소스 파일</Filter>
    </Image>
    <Image Include="windowAPI.ico">
      <Filter>리소스 파일</Filter>
    </Image>
  </ItemGroup>
</Project>